// !$*UTF8*$!
{
	archiveVersion = 1;
	classes = {
	};
	objectVersion = 46;
	objects = {

/* Begin PBXBuildFile section */
		F93055231C72806F0061BA8E /* main.m in Sources */ = {isa = PBXBuildFile; fileRef = F93055221C72806F0061BA8E /* main.m */; };
		F93055261C72806F0061BA8E /* AppDelegate.m in Sources */ = {isa = PBXBuildFile; fileRef = F93055251C72806F0061BA8E /* AppDelegate.m */; };
		F930552E1C72806F0061BA8E /* Assets.xcassets in Resources */ = {isa = PBXBuildFile; fileRef = F930552D1C72806F0061BA8E /* Assets.xcassets */; };
		F93055311C72806F0061BA8E /* LaunchScreen.storyboard in Resources */ = {isa = PBXBuildFile; fileRef = F930552F1C72806F0061BA8E /* LaunchScreen.storyboard */; };
		F930553D1C7281B20061BA8E /* BRPMainViewController.m in Sources */ = {isa = PBXBuildFile; fileRef = F930553B1C7281B20061BA8E /* BRPMainViewController.m */; };
		F930553E1C7281B20061BA8E /* BRPMainViewController.xib in Resources */ = {isa = PBXBuildFile; fileRef = F930553C1C7281B20061BA8E /* BRPMainViewController.xib */; };
/* End PBXBuildFile section */

/* Begin PBXFileReference section */
		F930551E1C72806F0061BA8E /* SizeClassesGame.app */ = {isa = PBXFileReference; explicitFileType = wrapper.application; includeInIndex = 0; path = SizeClassesGame.app; sourceTree = BUILT_PRODUCTS_DIR; };
		F93055221C72806F0061BA8E /* main.m */ = {isa = PBXFileReference; lastKnownFileType = sourcecode.c.objc; path = main.m; sourceTree = "<group>"; };
		F93055241C72806F0061BA8E /* AppDelegate.h */ = {isa = PBXFileReference; lastKnownFileType = sourcecode.c.h; path = AppDelegate.h; sourceTree = "<group>"; };
		F93055251C72806F0061BA8E /* AppDelegate.m */ = {isa = PBXFileReference; lastKnownFileType = sourcecode.c.objc; path = AppDelegate.m; sourceTree = "<group>"; };
		F930552D1C72806F0061BA8E /* Assets.xcassets */ = {isa = PBXFileReference; lastKnownFileType = folder.assetcatalog; path = Assets.xcassets; sourceTree = "<group>"; };
		F93055301C72806F0061BA8E /* Base */ = {isa = PBXFileReference; lastKnownFileType = file.storyboard; name = Base; path = Base.lproj/LaunchScreen.storyboard; sourceTree = "<group>"; };
		F93055321C72806F0061BA8E /* Info.plist */ = {isa = PBXFileReference; lastKnownFileType = text.plist.xml; path = Info.plist; sourceTree = "<group>"; };
		F930553A1C7281B20061BA8E /* BRPMainViewController.h */ = {isa = PBXFileReference; fileEncoding = 4; lastKnownFileType = sourcecode.c.h; path = BRPMainViewController.h; sourceTree = "<group>"; };
		F930553B1C7281B20061BA8E /* BRPMainViewController.m */ = {isa = PBXFileReference; fileEncoding = 4; lastKnownFileType = sourcecode.c.objc; path = BRPMainViewController.m; sourceTree = "<group>"; };
		F930553C1C7281B20061BA8E /* BRPMainViewController.xib */ = {isa = PBXFileReference; fileEncoding = 4; lastKnownFileType = file.xib; path = BRPMainViewController.xib; sourceTree = "<group>"; };
/* End PBXFileReference section */

/* Begin PBXFrameworksBuildPhase section */
		F930551B1C72806F0061BA8E /* Frameworks */ = {
			isa = PBXFrameworksBuildPhase;
			buildActionMask = 2147483647;
			files = (
			);
			runOnlyForDeploymentPostprocessing = 0;
		};
/* End PBXFrameworksBuildPhase section */

/* Begin PBXGroup section */
		F93055151C72806F0061BA8E = {
			isa = PBXGroup;
			children = (
				F93055201C72806F0061BA8E /* SizeClassesGame */,
				F930551F1C72806F0061BA8E /* Products */,
			);
			sourceTree = "<group>";
		};
		F930551F1C72806F0061BA8E /* Products */ = {
			isa = PBXGroup;
			children = (
				F930551E1C72806F0061BA8E /* SizeClassesGame.app */,
			);
			name = Products;
			sourceTree = "<group>";
		};
		F93055201C72806F0061BA8E /* SizeClassesGame */ = {
			isa = PBXGroup;
			children = (
				F93055241C72806F0061BA8E /* AppDelegate.h */,
				F93055251C72806F0061BA8E /* AppDelegate.m */,
				F930553A1C7281B20061BA8E /* BRPMainViewController.h */,
				F930553B1C7281B20061BA8E /* BRPMainViewController.m */,
				F930553C1C7281B20061BA8E /* BRPMainViewController.xib */,
				F930552D1C72806F0061BA8E /* Assets.xcassets */,
				F930552F1C72806F0061BA8E /* LaunchScreen.storyboard */,
				F93055321C72806F0061BA8E /* Info.plist */,
				F93055211C72806F0061BA8E /* Supporting Files */,
			);
			path = SizeClassesGame;
			sourceTree = "<group>";
		};
		F93055211C72806F0061BA8E /* Supporting Files */ = {
			isa = PBXGroup;
			children = (
				F93055221C72806F0061BA8E /* main.m */,
			);
			name = "Supporting Files";
			sourceTree = "<group>";
		};
/* End PBXGroup section */

/* Begin PBXNativeTarget section */
		F930551D1C72806F0061BA8E /* SizeClassesGame */ = {
			isa = PBXNativeTarget;
			buildConfigurationList = F93055351C72806F0061BA8E /* Build configuration list for PBXNativeTarget "SizeClassesGame" */;
			buildPhases = (
				F930551A1C72806F0061BA8E /* Sources */,
				F930551B1C72806F0061BA8E /* Frameworks */,
				F930551C1C72806F0061BA8E /* Resources */,
			);
			buildRules = (
			);
			dependencies = (
			);
			name = SizeClassesGame;
			productName = SizeClassesGame;
			productReference = F930551E1C72806F0061BA8E /* SizeClassesGame.app */;
			productType = "com.apple.product-type.application";
		};
/* End PBXNativeTarget section */

/* Begin PBXProject section */
		F93055161C72806F0061BA8E /* Project object */ = {
			isa = PBXProject;
			attributes = {
				CLASSPREFIX = BRP;
				LastUpgradeCheck = 0720;
				ORGANIZATIONNAME = "Amador Navarro Lucas";
				TargetAttributes = {
					F930551D1C72806F0061BA8E = {
						CreatedOnToolsVersion = 7.2.1;
					};
				};
			};
			buildConfigurationList = F93055191C72806F0061BA8E /* Build configuration list for PBXProject "SizeClassesGame" */;
			compatibilityVersion = "Xcode 3.2";
			developmentRegion = English;
			hasScannedForEncodings = 0;
			knownRegions = (
				en,
				Base,
			);
			mainGroup = F93055151C72806F0061BA8E;
			productRefGroup = F930551F1C72806F0061BA8E /* Products */;
			projectDirPath = "";
			projectRoot = "";
			targets = (
				F930551D1C72806F0061BA8E /* SizeClassesGame */,
			);
		};
/* End PBXProject section */

/* Begin PBXResourcesBuildPhase section */
		F930551C1C72806F0061BA8E /* Resources */ = {
			isa = PBXResourcesBuildPhase;
			buildActionMask = 2147483647;
			files = (
				F930553E1C7281B20061BA8E /* BRPMainViewController.xib in Resources */,
				F93055311C72806F0061BA8E /* LaunchScreen.storyboard in Resources */,
				F930552E1C72806F0061BA8E /* Assets.xcassets in Resources */,
			);
			runOnlyForDeploymentPostprocessing = 0;
		};
/* End PBXResourcesBuildPhase section */

/* Begin PBXSourcesBuildPhase section */
		F930551A1C72806F0061BA8E /* Sources */ = {
			isa = PBXSourcesBuildPhase;
			buildActionMask = 2147483647;
			files = (
				F930553D1C7281B20061BA8E /* BRPMainViewController.m in Sources */,
				F93055261C72806F0061BA8E /* AppDelegate.m in Sources */,
				F93055231C72806F0061BA8E /* main.m in Sources */,
			);
			runOnlyForDeploymentPostprocessing = 0;
		};
/* End PBXSourcesBuildPhase section */

/* Begin PBXVariantGroup section */
		F930552F1C72806F0061BA8E /* LaunchScreen.storyboard */ = {
			isa = PBXVariantGroup;
			children = (
				F93055301C72806F0061BA8E /* Base */,
			);
			name = LaunchScreen.storyboard;
			sourceTree = "<group>";
		};
/* End PBXVariantGroup section */

/* Begin XCBuildConfiguration section */
		F93055331C72806F0061BA8E /* Debug */ = {
			isa = XCBuildConfiguration;
			buildSettings = {
				ALWAYS_SEARCH_USER_PATHS = NO;
				CLANG_CXX_LANGUAGE_STANDARD = "gnu++0x";
				CLANG_CXX_LIBRARY = "libc++";
				CLANG_ENABLE_MODULES = YES;
				CLANG_ENABLE_OBJC_ARC = YES;
				CLANG_WARN_BOOL_CONVERSION = YES;
				CLANG_WARN_CONSTANT_CONVERSION = YES;
				CLANG_WARN_DIRECT_OBJC_ISA_USAGE = YES_ERROR;
				CLANG_WARN_EMPTY_BODY = YES;
				CLANG_WARN_ENUM_CONVERSION = YES;
				CLANG_WARN_INT_CONVERSION = YES;
				CLANG_WARN_OBJC_ROOT_CLASS = YES_ERROR;
				CLANG_WARN_UNREACHABLE_CODE = YES;
				CLANG_WARN__DUPLICATE_METHOD_MATCH = YES;
				"CODE_SIGN_IDENTITY[sdk=iphoneos*]" = "iPhone Developer";
				COPY_PHASE_STRIP = NO;
				DEBUG_INFORMATION_FORMAT = dwarf;
				ENABLE_STRICT_OBJC_MSGSEND = YES;
				ENABLE_TESTABILITY = YES;
				GCC_C_LANGUAGE_STANDARD = gnu99;
				GCC_DYNAMIC_NO_PIC = NO;
				GCC_NO_COMMON_BLOCKS = YES;
				GCC_OPTIMIZATION_LEVEL = 0;
				GCC_PREPROCESSOR_DEFINITIONS = (
					"DEBUG=1",
					"$(inherited)",
				);
				GCC_WARN_64_TO_32_BIT_CONVERSION = YES;
				GCC_WARN_ABOUT_RETURN_TYPE = YES_ERROR;
				GCC_WARN_UNDECLARED_SELECTOR = YES;
				GCC_WARN_UNINITIALIZED_AUTOS = YES_AGGRESSIVE;
				GCC_WARN_UNUSED_FUNCTION = YES;
				GCC_WARN_UNUSED_VARIABLE = YES;
				IPHONEOS_DEPLOYMENT_TARGET = 9.2;
				MTL_ENABLE_DEBUG_INFO = YES;
				ONLY_ACTIVE_ARCH = YES;
				SDKROOT = iphoneos;
				TARGETED_DEVICE_FAMILY = "1,2";
			};
			name = Debug;
		};
		F93055341C72806F0061BA8E /* Release */ = {
			isa = XCBuildConfiguration;
			buildSettings = {
				ALWAYS_SEARCH_USER_PATHS = NO;
				CLANG_CXX_LANGUAGE_STANDARD = "gnu++0x";
				CLANG_CXX_LIBRARY = "libc++";
				CLANG_ENABLE_MODULES = YES;
				CLANG_ENABLE_OBJC_ARC = YES;
				CLANG_WARN_BOOL_CONVERSION = YES;
				CLANG_WARN_CONSTANT_CONVERSION = YES;
				CLANG_WARN_DIRECT_OBJC_ISA_USAGE = YES_ERROR;
				CLANG_WARN_EMPTY_BODY = YES;
				CLANG_WARN_ENUM_CONVERSION = YES;
				CLANG_WARN_INT_CONVERSION = YES;
				CLANG_WARN_OBJC_ROOT_CLASS = YES_ERROR;
				CLANG_WARN_UNREACHABLE_CODE = YES;
				CLANG_WARN__DUPLICATE_METHOD_MATCH = YES;
				"CODE_SIGN_IDENTITY[sdk=iphoneos*]" = "iPhone Developer";
				COPY_PHASE_STRIP = NO;
				DEBUG_INFORMATION_FORMAT = "dwarf-with-dsym";
				ENABLE_NS_ASSERTIONS = NO;
				ENABLE_STRICT_OBJC_MSGSEND = YES;
				GCC_C_LANGUAGE_STANDARD = gnu99;
				GCC_NO_COMMON_BLOCKS = YES;
				GCC_WARN_64_TO_32_BIT_CONVERSION = YES;
				GCC_WARN_ABOUT_RETURN_TYPE = YES_ERROR;
				GCC_WARN_UNDECLARED_SELECTOR = YES;
				GCC_WARN_UNINITIALIZED_AUTOS = YES_AGGRESSIVE;
				GCC_WARN_UNUSED_FUNCTION = YES;
				GCC_WARN_UNUSED_VARIABLE = YES;
				IPHONEOS_DEPLOYMENT_TARGET = 9.2;
				MTL_ENABLE_DEBUG_INFO = NO;
				SDKROOT = iphoneos;
				TARGETED_DEVICE_FAMILY = "1,2";
				VALIDATE_PRODUCT = YES;
			};
			name = Release;
		};
		F93055361C72806F0061BA8E /* Debug */ = {
			isa = XCBuildConfiguration;
			buildSettings = {
				ASSETCATALOG_COMPILER_APPICON_NAME = AppIcon;
				INFOPLIST_FILE = SizeClassesGame/Info.plist;
				LD_RUNPATH_SEARCH_PATHS = "$(inherited) @executable_path/Frameworks";
				PRODUCT_BUNDLE_IDENTIFIER = com.ruralnerd.SizeClassesGame;
				PRODUCT_NAME = "$(TARGET_NAME)";
			};
			name = Debug;
		};
		F93055371C72806F0061BA8E /* Release */ = {
			isa = XCBuildConfiguration;
			buildSettings = {
				ASSETCATALOG_COMPILER_APPICON_NAME = AppIcon;
				INFOPLIST_FILE = SizeClassesGame/Info.plist;
				LD_RUNPATH_SEARCH_PATHS = "$(inherited) @executable_path/Frameworks";
				PRODUCT_BUNDLE_IDENTIFIER = com.ruralnerd.SizeClassesGame;
				PRODUCT_NAME = "$(TARGET_NAME)";
			};
			name = Release;
		};
/* End XCBuildConfiguration section */

/* Begin XCConfigurationList section */
		F93055191C72806F0061BA8E /* Build configuration list for PBXProject "SizeClassesGame" */ = {
			isa = XCConfigurationList;
			buildConfigurations = (
				F93055331C72806F0061BA8E /* Debug */,
				F93055341C72806F0061BA8E /* Release */,
			);
			defaultConfigurationIsVisible = 0;
			defaultConfigurationName = Release;
		};
		F93055351C72806F0061BA8E /* Build configuration list for PBXNativeTarget "SizeClassesGame" */ = {
			isa = XCConfigurationList;
			buildConfigurations = (
				F93055361C72806F0061BA8E /* Debug */,
				F93055371C72806F0061BA8E /* Release */,
			);
			defaultConfigurationIsVisible = 0;
		};
/* End XCConfigurationList section */
	};
	rootObject = F93055161C72806F0061BA8E /* Project object */;
}
